{
  "version": 4,
  "terraform_version": "1.1.7",
  "serial": 192,
  "lineage": "3a1ff06f-9f42-ec0a-37ab-41cefb831d76",
  "outputs": {},
  "resources": [
    {
      "mode": "managed",
      "type": "azurerm_bastion_host",
      "name": "BastionServer",
      "provider": "provider[\"registry.terraform.io/hashicorp/azurerm\"]",
      "instances": [
        {
          "schema_version": 0,
          "attributes": {
            "copy_paste_enabled": true,
            "dns_name": "bst-272b4c7b-f32c-4983-a470-98e06e38d271.bastion.azure.com",
            "file_copy_enabled": false,
            "id": "/subscriptions/937c0bd1-f26f-49a4-9db5-d5ded6945cca/resourceGroups/Week_5_terraform/providers/Microsoft.Network/bastionHosts/BastionServer",
            "ip_configuration": [
              {
                "name": "configuration",
                "public_ip_address_id": "/subscriptions/937c0bd1-f26f-49a4-9db5-d5ded6945cca/resourceGroups/Week_5_terraform/providers/Microsoft.Network/publicIPAddresses/BastionPublicIp",
                "subnet_id": "/subscriptions/937c0bd1-f26f-49a4-9db5-d5ded6945cca/resourceGroups/Week_5_terraform/providers/Microsoft.Network/virtualNetworks/HighAvailability-Net/subnets/AzureBastionSubnet"
              }
            ],
            "ip_connect_enabled": false,
            "location": "eastus",
            "name": "BastionServer",
            "resource_group_name": "Week_5_terraform",
            "scale_units": 2,
            "shareable_link_enabled": false,
            "sku": "Basic",
            "tags": {},
            "timeouts": null,
            "tunneling_enabled": false
          },
          "sensitive_attributes": [],
          "private": "eyJlMmJmYjczMC1lY2FhLTExZTYtOGY4OC0zNDM2M2JjN2M0YzAiOnsiY3JlYXRlIjoxODAwMDAwMDAwMDAwLCJkZWxldGUiOjE4MDAwMDAwMDAwMDAsInJlYWQiOjMwMDAwMDAwMDAwMCwidXBkYXRlIjoxODAwMDAwMDAwMDAwfX0=",
          "dependencies": [
            "azurerm_public_ip.BastionPublicIp",
            "azurerm_resource_group.RG",
            "azurerm_subnet.AzureBastionSubnet",
            "azurerm_virtual_network.vnet"
          ]
        }
      ]
    },
    {
      "mode": "managed",
      "type": "azurerm_lb",
      "name": "App-LoadBalacer",
      "provider": "provider[\"registry.terraform.io/hashicorp/azurerm\"]",
      "instances": [
        {
          "schema_version": 0,
          "attributes": {
            "frontend_ip_configuration": [
              {
                "availability_zone": "No-Zone",
                "gateway_load_balancer_frontend_ip_configuration_id": "",
                "id": "/subscriptions/937c0bd1-f26f-49a4-9db5-d5ded6945cca/resourceGroups/Week_5_terraform/providers/Microsoft.Network/loadBalancers/App-LoadBalacer/frontendIPConfigurations/frontend-ip",
                "inbound_nat_rules": [],
                "load_balancer_rules": [
                  "/subscriptions/937c0bd1-f26f-49a4-9db5-d5ded6945cca/resourceGroups/Week_5_terraform/providers/Microsoft.Network/loadBalancers/App-LoadBalacer/loadBalancingRules/LBRule"
                ],
                "name": "frontend-ip",
                "outbound_rules": [],
                "private_ip_address": "",
                "private_ip_address_allocation": "Dynamic",
                "private_ip_address_version": "",
                "public_ip_address_id": "/subscriptions/937c0bd1-f26f-49a4-9db5-d5ded6945cca/resourceGroups/Week_5_terraform/providers/Microsoft.Network/publicIPAddresses/LoadBalacerPublicIp",
                "public_ip_prefix_id": "",
                "subnet_id": "",
                "zones": []
              }
            ],
            "id": "/subscriptions/937c0bd1-f26f-49a4-9db5-d5ded6945cca/resourceGroups/Week_5_terraform/providers/Microsoft.Network/loadBalancers/App-LoadBalacer",
            "location": "eastus",
            "name": "App-LoadBalacer",
            "private_ip_address": "",
            "private_ip_addresses": [],
            "resource_group_name": "Week_5_terraform",
            "sku": "Standard",
            "sku_tier": "Regional",
            "tags": {},
            "timeouts": null
          },
          "sensitive_attributes": [],
          "private": "eyJlMmJmYjczMC1lY2FhLTExZTYtOGY4OC0zNDM2M2JjN2M0YzAiOnsiY3JlYXRlIjoxODAwMDAwMDAwMDAwLCJkZWxldGUiOjE4MDAwMDAwMDAwMDAsInJlYWQiOjMwMDAwMDAwMDAwMCwidXBkYXRlIjoxODAwMDAwMDAwMDAwfX0=",
          "dependencies": [
            "azurerm_public_ip.LoadBalacerPublicIp",
            "azurerm_resource_group.RG"
          ]
        }
      ]
    },
    {
      "mode": "managed",
      "type": "azurerm_lb_backend_address_pool",
      "name": "AppScaleSet",
      "provider": "provider[\"registry.terraform.io/hashicorp/azurerm\"]",
      "instances": [
        {
          "schema_version": 0,
          "attributes": {
            "backend_address": [],
            "backend_ip_configurations": [
              "/subscriptions/937c0bd1-f26f-49a4-9db5-d5ded6945cca/resourceGroups/Week_5_terraform/providers/Microsoft.Compute/virtualMachineScaleSets/AppScaleSet/virtualMachines/0/networkInterfaces/AppScaleSet-nic/ipConfigurations/internal",
              "/subscriptions/937c0bd1-f26f-49a4-9db5-d5ded6945cca/resourceGroups/Week_5_terraform/providers/Microsoft.Compute/virtualMachineScaleSets/AppScaleSet/virtualMachines/1/networkInterfaces/AppScaleSet-nic/ipConfigurations/internal"
            ],
            "id": "/subscriptions/937c0bd1-f26f-49a4-9db5-d5ded6945cca/resourceGroups/Week_5_terraform/providers/Microsoft.Network/loadBalancers/App-LoadBalacer/backendAddressPools/AppScaleSet",
            "load_balancing_rules": [
              "/subscriptions/937c0bd1-f26f-49a4-9db5-d5ded6945cca/resourceGroups/Week_5_terraform/providers/Microsoft.Network/loadBalancers/App-LoadBalacer/loadBalancingRules/LBRule"
            ],
            "loadbalancer_id": "/subscriptions/937c0bd1-f26f-49a4-9db5-d5ded6945cca/resourceGroups/Week_5_terraform/providers/Microsoft.Network/loadBalancers/App-LoadBalacer",
            "name": "AppScaleSet",
            "outbound_rules": [],
            "resource_group_name": "Week_5_terraform",
            "timeouts": null,
            "tunnel_interface": []
          },
          "sensitive_attributes": [],
          "private": "eyJlMmJmYjczMC1lY2FhLTExZTYtOGY4OC0zNDM2M2JjN2M0YzAiOnsiY3JlYXRlIjoxODAwMDAwMDAwMDAwLCJkZWxldGUiOjE4MDAwMDAwMDAwMDAsInJlYWQiOjMwMDAwMDAwMDAwMCwidXBkYXRlIjoxODAwMDAwMDAwMDAwfX0=",
          "dependencies": [
            "azurerm_lb.App-LoadBalacer",
            "azurerm_public_ip.LoadBalacerPublicIp",
            "azurerm_resource_group.RG"
          ]
        }
      ]
    },
    {
      "mode": "managed",
      "type": "azurerm_lb_probe",
      "name": "Helthprobe",
      "provider": "provider[\"registry.terraform.io/hashicorp/azurerm\"]",
      "instances": [
        {
          "schema_version": 0,
          "attributes": {
            "id": "/subscriptions/937c0bd1-f26f-49a4-9db5-d5ded6945cca/resourceGroups/Week_5_terraform/providers/Microsoft.Network/loadBalancers/App-LoadBalacer/probes/Helthprobe",
            "interval_in_seconds": 15,
            "load_balancer_rules": [
              "/subscriptions/937c0bd1-f26f-49a4-9db5-d5ded6945cca/resourceGroups/Week_5_terraform/providers/Microsoft.Network/loadBalancers/App-LoadBalacer/loadBalancingRules/LBRule"
            ],
            "loadbalancer_id": "/subscriptions/937c0bd1-f26f-49a4-9db5-d5ded6945cca/resourceGroups/Week_5_terraform/providers/Microsoft.Network/loadBalancers/App-LoadBalacer",
            "name": "Helthprobe",
            "number_of_probes": 2,
            "port": 8080,
            "protocol": "Tcp",
            "request_path": "",
            "resource_group_name": "Week_5_terraform",
            "timeouts": null
          },
          "sensitive_attributes": [],
          "private": "eyJlMmJmYjczMC1lY2FhLTExZTYtOGY4OC0zNDM2M2JjN2M0YzAiOnsiY3JlYXRlIjoxODAwMDAwMDAwMDAwLCJkZWxldGUiOjE4MDAwMDAwMDAwMDAsInJlYWQiOjMwMDAwMDAwMDAwMCwidXBkYXRlIjoxODAwMDAwMDAwMDAwfX0=",
          "dependencies": [
            "azurerm_lb.App-LoadBalacer",
            "azurerm_public_ip.LoadBalacerPublicIp",
            "azurerm_resource_group.RG"
          ]
        }
      ]
    },
    {
      "mode": "managed",
      "type": "azurerm_lb_rule",
      "name": "AcceseRole",
      "provider": "provider[\"registry.terraform.io/hashicorp/azurerm\"]",
      "instances": [
        {
          "schema_version": 0,
          "attributes": {
            "backend_address_pool_id": "/subscriptions/937c0bd1-f26f-49a4-9db5-d5ded6945cca/resourceGroups/Week_5_terraform/providers/Microsoft.Network/loadBalancers/App-LoadBalacer/backendAddressPools/AppScaleSet",
            "backend_address_pool_ids": [
              "/subscriptions/937c0bd1-f26f-49a4-9db5-d5ded6945cca/resourceGroups/Week_5_terraform/providers/Microsoft.Network/loadBalancers/App-LoadBalacer/backendAddressPools/AppScaleSet"
            ],
            "backend_port": 8080,
            "disable_outbound_snat": false,
            "enable_floating_ip": false,
            "enable_tcp_reset": false,
            "frontend_ip_configuration_id": "/subscriptions/937c0bd1-f26f-49a4-9db5-d5ded6945cca/resourceGroups/Week_5_terraform/providers/Microsoft.Network/loadBalancers/App-LoadBalacer/frontendIPConfigurations/frontend-ip",
            "frontend_ip_configuration_name": "frontend-ip",
            "frontend_port": 8080,
            "id": "/subscriptions/937c0bd1-f26f-49a4-9db5-d5ded6945cca/resourceGroups/Week_5_terraform/providers/Microsoft.Network/loadBalancers/App-LoadBalacer/loadBalancingRules/LBRule",
            "idle_timeout_in_minutes": 4,
            "load_distribution": "Default",
            "loadbalancer_id": "/subscriptions/937c0bd1-f26f-49a4-9db5-d5ded6945cca/resourceGroups/Week_5_terraform/providers/Microsoft.Network/loadBalancers/App-LoadBalacer",
            "name": "LBRule",
            "probe_id": "/subscriptions/937c0bd1-f26f-49a4-9db5-d5ded6945cca/resourceGroups/Week_5_terraform/providers/Microsoft.Network/loadBalancers/App-LoadBalacer/probes/Helthprobe",
            "protocol": "Tcp",
            "resource_group_name": "Week_5_terraform",
            "timeouts": null
          },
          "sensitive_attributes": [],
          "private": "eyJlMmJmYjczMC1lY2FhLTExZTYtOGY4OC0zNDM2M2JjN2M0YzAiOnsiY3JlYXRlIjoxODAwMDAwMDAwMDAwLCJkZWxldGUiOjE4MDAwMDAwMDAwMDAsInJlYWQiOjMwMDAwMDAwMDAwMCwidXBkYXRlIjoxODAwMDAwMDAwMDAwfX0=",
          "dependencies": [
            "azurerm_lb.App-LoadBalacer",
            "azurerm_lb_backend_address_pool.AppScaleSet",
            "azurerm_lb_probe.Helthprobe",
            "azurerm_public_ip.LoadBalacerPublicIp",
            "azurerm_resource_group.RG"
          ]
        }
      ]
    },
    {
      "mode": "managed",
      "type": "azurerm_linux_virtual_machine",
      "name": "PgDataServer",
      "provider": "provider[\"registry.terraform.io/hashicorp/azurerm\"]",
      "instances": [
        {
          "schema_version": 0,
          "attributes": {
            "additional_capabilities": [],
            "admin_password": "Passw@rd54321",
            "admin_ssh_key": [],
            "admin_username": "Admin_User",
            "allow_extension_operations": true,
            "availability_set_id": "",
            "boot_diagnostics": [],
            "computer_name": "PgDataServer-vm",
            "custom_data": "IyEvYmluL2Jhc2gKCmFwdC1nZXQgdXBkYXRlCgoKd2dldCAtLXF1aWV0IC1PIC0gaHR0cHM6Ly93d3cucG9zdGdyZXNxbC5vcmcvbWVkaWEva2V5cy9BQ0NDNENGOC5hc2MgfCBzdWRvIGFwdC1rZXkgYWRkIC0KCmVjaG8gImRlYiBodHRwOi8vYXB0LnBvc3RncmVzcWwub3JnL3B1Yi9yZXBvcy9hcHQvICQobHNiX3JlbGVhc2UgLWNzKS1wZ2RnIG1haW4iIHwgc3VkbyB0ZWUgL2V0Yy9hcHQvc291cmNlcy5saXN0LmQvcGdkZy5saXN0CgphcHQtZ2V0IHVwZGF0ZQoKYXB0IC15IGluc3RhbGwgcG9zdGdyZXNxbC0xMiBwb3N0Z3Jlc3FsLWNsaWVudC0xMgoKc2VkIC1pZSAiL14jbGlzdGVuX2FkZHJlc3Nlcy8gYSBsaXN0ZW5fYWRkcmVzc2VzID0gJyonIiAvZXRjL3Bvc3RncmVzcWwvMTIvbWFpbi9wb3N0Z3Jlc3FsLmNvbmYKCmJhc2ggLWMgImVjaG8gaG9zdCAgICBhbGwgICAgICAgICAgYWxsICAgICAgICAgICAgMC4wLjAuMC8wICB0cnVzdCA+PiAvZXRjL3Bvc3RncmVzcWwvMTIvbWFpbi9wZ19oYmEuY29uZiIKCnN5c3RlbWN0bCByZXN0YXJ0IHBvc3RncmVzcWwKCiMhL2Jpbi9iYXNoCgojIGFwdC1nZXQgdXBkYXRlCgojIGFwdCBpbnN0YWxsIGRvY2tlci5pbyAteQoKIyBkb2NrZXIgcHVsbCBwb3N0Z3JlczpsYXRlc3QKCiMgZG9ja2VyIHJ1biAtLXJlc3RhcnQgYWx3YXlzIC1kIC0tbmFtZSBtZWFzdXJlbWVudHMgLXAgNTQzMjo1NDMyIC1lICdQT1NUR1JFU19QQVNTV09SRD1IYWtvbHpvcmVtMjAyMicgcG9zdGdyZXM=",
            "dedicated_host_group_id": "",
            "dedicated_host_id": "",
            "disable_password_authentication": false,
            "encryption_at_host_enabled": false,
            "eviction_policy": "",
            "extensions_time_budget": "PT1H30M",
            "id": "/subscriptions/937c0bd1-f26f-49a4-9db5-d5ded6945cca/resourceGroups/Week_5_terraform/providers/Microsoft.Compute/virtualMachines/PgDataServer-vm",
            "identity": [],
            "license_type": "",
            "location": "eastus",
            "max_bid_price": -1,
            "name": "PgDataServer-vm",
            "network_interface_ids": [
              "/subscriptions/937c0bd1-f26f-49a4-9db5-d5ded6945cca/resourceGroups/Week_5_terraform/providers/Microsoft.Network/networkInterfaces/PgDataServer-nic"
            ],
            "os_disk": [
              {
                "caching": "ReadWrite",
                "diff_disk_settings": [],
                "disk_encryption_set_id": "",
                "disk_size_gb": 30,
                "name": "PgDataServer-vm_OsDisk_1_90a0dda56e8b46e988f85e66d558a3d5",
                "storage_account_type": "Standard_LRS",
                "write_accelerator_enabled": false
              }
            ],
            "patch_mode": "ImageDefault",
            "plan": [],
            "platform_fault_domain": -1,
            "priority": "Regular",
            "private_ip_address": "10.30.2.4",
            "private_ip_addresses": [
              "10.30.2.4"
            ],
            "provision_vm_agent": true,
            "proximity_placement_group_id": "",
            "public_ip_address": "",
            "public_ip_addresses": [],
            "resource_group_name": "Week_5_terraform",
            "secret": [],
            "secure_boot_enabled": false,
            "size": "Standard_F2",
            "source_image_id": "",
            "source_image_reference": [
              {
                "offer": "UbuntuServer",
                "publisher": "Canonical",
                "sku": "16.04-LTS",
                "version": "latest"
              }
            ],
            "tags": {},
            "timeouts": null,
            "user_data": "",
            "virtual_machine_id": "c6544b16-9450-4564-94a9-c61cba521fc0",
            "virtual_machine_scale_set_id": "",
            "vtpm_enabled": false,
            "zone": ""
          },
          "sensitive_attributes": [],
          "private": "eyJlMmJmYjczMC1lY2FhLTExZTYtOGY4OC0zNDM2M2JjN2M0YzAiOnsiY3JlYXRlIjoyNzAwMDAwMDAwMDAwLCJkZWxldGUiOjI3MDAwMDAwMDAwMDAsInJlYWQiOjMwMDAwMDAwMDAwMCwidXBkYXRlIjoyNzAwMDAwMDAwMDAwfX0=",
          "dependencies": [
            "azurerm_network_interface.PgDataServer",
            "azurerm_resource_group.RG",
            "azurerm_subnet.Data_Tier",
            "azurerm_virtual_network.vnet"
          ]
        }
      ]
    },
    {
      "mode": "managed",
      "type": "azurerm_linux_virtual_machine_scale_set",
      "name": "AppScaleSet",
      "provider": "provider[\"registry.terraform.io/hashicorp/azurerm\"]",
      "instances": [
        {
          "schema_version": 0,
          "attributes": {
            "additional_capabilities": [],
            "admin_password": "Passw@rd54321",
            "admin_ssh_key": [],
            "admin_username": "Admin_User",
            "automatic_instance_repair": [
              {
                "enabled": false,
                "grace_period": "PT30M"
              }
            ],
            "automatic_os_upgrade_policy": [],
            "boot_diagnostics": [],
            "computer_name_prefix": "AppScaleSet",
            "custom_data": "IyEvYmluL2Jhc2gKCmFwdC1nZXQgdXBkYXRlCgpnaXQgY2xvbmUgaHR0cHM6Ly9naXRodWIuY29tL2xpaGF5YnMvYm9vdGNhbXAtYXBwLmdpdAoKY2QgL2Jvb3RjYW1wLWFwcAoKY3VybCAtc0wgaHR0cHM6Ly9kZWIubm9kZXNvdXJjZS5jb20vc2V0dXBfMTQueCB8IHN1ZG8gYmFzaCAtICNkb3dubG9hZGluZyBub2RlanMgbGliYXJpZXMKCkRFQklBTl9GUk9OVEVORD1ub25pbnRlcmFjdGl2ZSBhcHQtZ2V0IGluc3RhbGwgLXkgcG9zdGdyZXNxbC1jbGllbnQgbm9kZWpzCgpucG0gaW5zdGFsbCBkb3RlbnYKCm5wbSBpbnN0YWxsIHBtMkBsYXRlc3QgLWcgIyBpbnNhdGFsbGluZyBwbTIgZm9yIHRoZSBhcHAgdG8gcnVuIGF1dG9tYXRpY2xseSBhZnRlciBtYWNoaW5lIHJlYm9vdAoKY2F0IDw8RU9GID4uZW52CiMgSG9zdCBjb25maWd1cmF0aW9uClBPUlQ9ODA4MApIT1NUPTAuMC4wLjAKCgpIT1NUX1VSTD1odHRwOi8vMjAuMTIxLjczLjIzMjo4MDgwCkNPT0tJRV9FTkNSWVBUX1BXRD1zdXBlckF3ZXNvbWVQYXNzd29yZFN0cmluZ1RoYXRJc0F0TGVhc3QzMkNoYXJhY3RlcnNMb25nIQpOT0RFX0VOVj1kZXZlbG9wbWVudAoKIyBPa3RhIGNvbmZpZ3VyYXRpb24KT0tUQV9PUkdfVVJMPWh0dHBzOi8vZGV2LTUwNzkyNjYzLm9rdGEuY29tCk9LVEFfQ0xJRU5UX0lEPTBvYTN5dGd1djhhdWcxUFR1NWQ3Ck9LVEFfQ0xJRU5UX1NFQ1JFVD1YUlRqbllPblVPLWd2V1RuSWNUanR5Qkd4Q0ZqV0lva21aSW9PWWh4CgojIFBvc3RncmVzClBHSE9TVD0xMC4zMC4yLjQKUEdVU0VSTkFNRT1wb3N0Z3JlcwpQR0RBVEFCQVNFPXBvc3RncmVzClBHUEFTU1dPUkQ9SGFrb2x6b3JlbTIwMjIKUEdQT1JUPTU0MzIKRU9GCgpucG0gcnVuIGluaXRkYiAjaW5pdGlhbGl6aW5nIHRoZSBkYXRhIGJhc2UKCnBtMiBzdGFydCAibnBtIHJ1biBkZXYiICNzdGFydGluZyB0aGUgYXBwIGFuZCBzYXZpbmcgaXQgdG8gcG0yIHdhdGNoIGxpc3QKCnBtMiBzYXZlICMgc2F2aW5nIHBtMiB3YXRjaCBsaXN0ICoqaW1wb3J0YW50Cg==",
            "data_disk": [],
            "disable_password_authentication": false,
            "do_not_run_extensions_on_overprovisioned_machines": false,
            "encryption_at_host_enabled": false,
            "eviction_policy": "",
            "extension": [],
            "extensions_time_budget": "PT1H30M",
            "health_probe_id": "",
            "id": "/subscriptions/937c0bd1-f26f-49a4-9db5-d5ded6945cca/resourceGroups/Week_5_terraform/providers/Microsoft.Compute/virtualMachineScaleSets/AppScaleSet",
            "identity": [],
            "instances": 2,
            "location": "eastus",
            "max_bid_price": -1,
            "name": "AppScaleSet",
            "network_interface": [
              {
                "dns_servers": [],
                "enable_accelerated_networking": false,
                "enable_ip_forwarding": false,
                "ip_configuration": [
                  {
                    "application_gateway_backend_address_pool_ids": [],
                    "application_security_group_ids": [],
                    "load_balancer_backend_address_pool_ids": [
                      "/subscriptions/937c0bd1-f26f-49a4-9db5-d5ded6945cca/resourceGroups/Week_5_terraform/providers/Microsoft.Network/loadBalancers/App-LoadBalacer/backendAddressPools/AppScaleSet"
                    ],
                    "load_balancer_inbound_nat_rules_ids": [],
                    "name": "internal",
                    "primary": true,
                    "public_ip_address": [],
                    "subnet_id": "/subscriptions/937c0bd1-f26f-49a4-9db5-d5ded6945cca/resourceGroups/Week_5_terraform/providers/Microsoft.Network/virtualNetworks/HighAvailability-Net/subnets/Web_Tier",
                    "version": "IPv4"
                  }
                ],
                "name": "AppScaleSet-nic",
                "network_security_group_id": "",
                "primary": true
              }
            ],
            "os_disk": [
              {
                "caching": "ReadWrite",
                "diff_disk_settings": [],
                "disk_encryption_set_id": "",
                "disk_size_gb": 30,
                "storage_account_type": "Standard_LRS",
                "write_accelerator_enabled": false
              }
            ],
            "overprovision": true,
            "plan": [],
            "platform_fault_domain_count": 0,
            "priority": "Regular",
            "provision_vm_agent": true,
            "proximity_placement_group_id": "",
            "resource_group_name": "Week_5_terraform",
            "rolling_upgrade_policy": [],
            "scale_in_policy": "Default",
            "secret": [],
            "secure_boot_enabled": false,
            "single_placement_group": true,
            "sku": "Standard_F2",
            "source_image_id": "",
            "source_image_reference": [
              {
                "offer": "UbuntuServer",
                "publisher": "Canonical",
                "sku": "16.04-LTS",
                "version": "latest"
              }
            ],
            "tags": {},
            "terminate_notification": [],
            "timeouts": null,
            "unique_id": "cdb1faf3-b44e-4098-b49c-fa7b9ab1e77e",
            "upgrade_mode": "Automatic",
            "user_data": "",
            "vtpm_enabled": false,
            "zone_balance": false,
            "zones": []
          },
          "sensitive_attributes": [],
          "private": "eyJlMmJmYjczMC1lY2FhLTExZTYtOGY4OC0zNDM2M2JjN2M0YzAiOnsiY3JlYXRlIjozNjAwMDAwMDAwMDAwLCJkZWxldGUiOjM2MDAwMDAwMDAwMDAsInJlYWQiOjMwMDAwMDAwMDAwMCwidXBkYXRlIjozNjAwMDAwMDAwMDAwfX0=",
          "dependencies": [
            "azurerm_lb_backend_address_pool.AppScaleSet",
            "azurerm_resource_group.RG",
            "azurerm_subnet.Web_Tier"
          ]
        }
      ]
    },
    {
      "mode": "managed",
      "type": "azurerm_network_interface",
      "name": "PgDataServer",
      "provider": "provider[\"registry.terraform.io/hashicorp/azurerm\"]",
      "instances": [
        {
          "schema_version": 0,
          "attributes": {
            "applied_dns_servers": [],
            "dns_servers": [],
            "enable_accelerated_networking": false,
            "enable_ip_forwarding": false,
            "id": "/subscriptions/937c0bd1-f26f-49a4-9db5-d5ded6945cca/resourceGroups/Week_5_terraform/providers/Microsoft.Network/networkInterfaces/PgDataServer-nic",
            "internal_dns_name_label": "",
            "internal_domain_name_suffix": "hlfeflzqk5nuhetmaxtp22o3uc.bx.internal.cloudapp.net",
            "ip_configuration": [
              {
                "gateway_load_balancer_frontend_ip_configuration_id": "",
                "name": "internal",
                "primary": true,
                "private_ip_address": "10.30.2.4",
                "private_ip_address_allocation": "Dynamic",
                "private_ip_address_version": "IPv4",
                "public_ip_address_id": "",
                "subnet_id": "/subscriptions/937c0bd1-f26f-49a4-9db5-d5ded6945cca/resourceGroups/Week_5_terraform/providers/Microsoft.Network/virtualNetworks/HighAvailability-Net/subnets/Data_Tier"
              }
            ],
            "location": "eastus",
            "mac_address": "00-0D-3A-19-BA-92",
            "name": "PgDataServer-nic",
            "private_ip_address": "10.30.2.4",
            "private_ip_addresses": [
              "10.30.2.4"
            ],
            "resource_group_name": "Week_5_terraform",
            "tags": {},
            "timeouts": null,
            "virtual_machine_id": "/subscriptions/937c0bd1-f26f-49a4-9db5-d5ded6945cca/resourceGroups/Week_5_terraform/providers/Microsoft.Compute/virtualMachines/PgDataServer-vm"
          },
          "sensitive_attributes": [],
          "private": "eyJlMmJmYjczMC1lY2FhLTExZTYtOGY4OC0zNDM2M2JjN2M0YzAiOnsiY3JlYXRlIjoxODAwMDAwMDAwMDAwLCJkZWxldGUiOjE4MDAwMDAwMDAwMDAsInJlYWQiOjMwMDAwMDAwMDAwMCwidXBkYXRlIjoxODAwMDAwMDAwMDAwfX0=",
          "dependencies": [
            "azurerm_resource_group.RG",
            "azurerm_subnet.Data_Tier",
            "azurerm_virtual_network.vnet"
          ]
        }
      ]
    },
    {
      "mode": "managed",
      "type": "azurerm_network_security_group",
      "name": "NSG1",
      "provider": "provider[\"registry.terraform.io/hashicorp/azurerm\"]",
      "instances": [
        {
          "schema_version": 0,
          "attributes": {
            "id": "/subscriptions/937c0bd1-f26f-49a4-9db5-d5ded6945cca/resourceGroups/Week_5_terraform/providers/Microsoft.Network/networkSecurityGroups/NSG1",
            "location": "eastus",
            "name": "NSG1",
            "resource_group_name": "Week_5_terraform",
            "security_rule": [
              {
                "access": "Allow",
                "description": "",
                "destination_address_prefix": "*",
                "destination_address_prefixes": [],
                "destination_application_security_group_ids": [],
                "destination_port_range": "8080",
                "destination_port_ranges": [],
                "direction": "Inbound",
                "name": "test123",
                "priority": 100,
                "protocol": "Tcp",
                "source_address_prefix": "*",
                "source_address_prefixes": [],
                "source_application_security_group_ids": [],
                "source_port_range": "*",
                "source_port_ranges": []
              }
            ],
            "tags": {},
            "timeouts": null
          },
          "sensitive_attributes": [],
          "private": "eyJlMmJmYjczMC1lY2FhLTExZTYtOGY4OC0zNDM2M2JjN2M0YzAiOnsiY3JlYXRlIjoxODAwMDAwMDAwMDAwLCJkZWxldGUiOjE4MDAwMDAwMDAwMDAsInJlYWQiOjMwMDAwMDAwMDAwMCwidXBkYXRlIjoxODAwMDAwMDAwMDAwfX0=",
          "dependencies": [
            "azurerm_resource_group.RG"
          ]
        }
      ]
    },
    {
      "mode": "managed",
      "type": "azurerm_network_security_group",
      "name": "NSG2",
      "provider": "provider[\"registry.terraform.io/hashicorp/azurerm\"]",
      "instances": [
        {
          "schema_version": 0,
          "attributes": {
            "id": "/subscriptions/937c0bd1-f26f-49a4-9db5-d5ded6945cca/resourceGroups/Week_5_terraform/providers/Microsoft.Network/networkSecurityGroups/NSG2",
            "location": "eastus",
            "name": "NSG2",
            "resource_group_name": "Week_5_terraform",
            "security_rule": [],
            "tags": {},
            "timeouts": null
          },
          "sensitive_attributes": [],
          "private": "eyJlMmJmYjczMC1lY2FhLTExZTYtOGY4OC0zNDM2M2JjN2M0YzAiOnsiY3JlYXRlIjoxODAwMDAwMDAwMDAwLCJkZWxldGUiOjE4MDAwMDAwMDAwMDAsInJlYWQiOjMwMDAwMDAwMDAwMCwidXBkYXRlIjoxODAwMDAwMDAwMDAwfX0=",
          "dependencies": [
            "azurerm_resource_group.RG"
          ]
        }
      ]
    },
    {
      "mode": "managed",
      "type": "azurerm_network_security_rule",
      "name": "Allow_8080",
      "provider": "provider[\"registry.terraform.io/hashicorp/azurerm\"]",
      "instances": [
        {
          "schema_version": 0,
          "attributes": {
            "access": "Allow",
            "description": "",
            "destination_address_prefix": "*",
            "destination_address_prefixes": [],
            "destination_application_security_group_ids": [],
            "destination_port_range": "8080",
            "destination_port_ranges": [],
            "direction": "Inbound",
            "id": "/subscriptions/937c0bd1-f26f-49a4-9db5-d5ded6945cca/resourceGroups/Week_5_terraform/providers/Microsoft.Network/networkSecurityGroups/NSG1/securityRules/test123",
            "name": "test123",
            "network_security_group_name": "NSG1",
            "priority": 100,
            "protocol": "Tcp",
            "resource_group_name": "Week_5_terraform",
            "source_address_prefix": "*",
            "source_address_prefixes": [],
            "source_application_security_group_ids": [],
            "source_port_range": "*",
            "source_port_ranges": [],
            "timeouts": null
          },
          "sensitive_attributes": [],
          "private": "eyJlMmJmYjczMC1lY2FhLTExZTYtOGY4OC0zNDM2M2JjN2M0YzAiOnsiY3JlYXRlIjoxODAwMDAwMDAwMDAwLCJkZWxldGUiOjE4MDAwMDAwMDAwMDAsInJlYWQiOjMwMDAwMDAwMDAwMCwidXBkYXRlIjoxODAwMDAwMDAwMDAwfX0=",
          "dependencies": [
            "azurerm_network_security_group.NSG1",
            "azurerm_resource_group.RG"
          ]
        }
      ]
    },
    {
      "mode": "managed",
      "type": "azurerm_public_ip",
      "name": "BastionPublicIp",
      "provider": "provider[\"registry.terraform.io/hashicorp/azurerm\"]",
      "instances": [
        {
          "schema_version": 0,
          "attributes": {
            "allocation_method": "Static",
            "availability_zone": "Zone-Redundant",
            "domain_name_label": null,
            "fqdn": null,
            "id": "/subscriptions/937c0bd1-f26f-49a4-9db5-d5ded6945cca/resourceGroups/Week_5_terraform/providers/Microsoft.Network/publicIPAddresses/BastionPublicIp",
            "idle_timeout_in_minutes": 4,
            "ip_address": "20.121.73.222",
            "ip_tags": {},
            "ip_version": "IPv4",
            "location": "eastus",
            "name": "BastionPublicIp",
            "public_ip_prefix_id": null,
            "resource_group_name": "Week_5_terraform",
            "reverse_fqdn": null,
            "sku": "Standard",
            "sku_tier": "Regional",
            "tags": {},
            "timeouts": null,
            "zones": []
          },
          "sensitive_attributes": [],
          "private": "eyJlMmJmYjczMC1lY2FhLTExZTYtOGY4OC0zNDM2M2JjN2M0YzAiOnsiY3JlYXRlIjoxODAwMDAwMDAwMDAwLCJkZWxldGUiOjE4MDAwMDAwMDAwMDAsInJlYWQiOjMwMDAwMDAwMDAwMCwidXBkYXRlIjoxODAwMDAwMDAwMDAwfX0=",
          "dependencies": [
            "azurerm_resource_group.RG"
          ]
        }
      ]
    },
    {
      "mode": "managed",
      "type": "azurerm_public_ip",
      "name": "LoadBalacerPublicIp",
      "provider": "provider[\"registry.terraform.io/hashicorp/azurerm\"]",
      "instances": [
        {
          "schema_version": 0,
          "attributes": {
            "allocation_method": "Static",
            "availability_zone": "Zone-Redundant",
            "domain_name_label": null,
            "fqdn": null,
            "id": "/subscriptions/937c0bd1-f26f-49a4-9db5-d5ded6945cca/resourceGroups/Week_5_terraform/providers/Microsoft.Network/publicIPAddresses/LoadBalacerPublicIp",
            "idle_timeout_in_minutes": 4,
            "ip_address": "20.121.73.232",
            "ip_tags": {},
            "ip_version": "IPv4",
            "location": "eastus",
            "name": "LoadBalacerPublicIp",
            "public_ip_prefix_id": null,
            "resource_group_name": "Week_5_terraform",
            "reverse_fqdn": null,
            "sku": "Standard",
            "sku_tier": "Regional",
            "tags": {},
            "timeouts": null,
            "zones": []
          },
          "sensitive_attributes": [],
          "private": "eyJlMmJmYjczMC1lY2FhLTExZTYtOGY4OC0zNDM2M2JjN2M0YzAiOnsiY3JlYXRlIjoxODAwMDAwMDAwMDAwLCJkZWxldGUiOjE4MDAwMDAwMDAwMDAsInJlYWQiOjMwMDAwMDAwMDAwMCwidXBkYXRlIjoxODAwMDAwMDAwMDAwfX0=",
          "dependencies": [
            "azurerm_resource_group.RG"
          ]
        }
      ]
    },
    {
      "mode": "managed",
      "type": "azurerm_resource_group",
      "name": "RG",
      "provider": "provider[\"registry.terraform.io/hashicorp/azurerm\"]",
      "instances": [
        {
          "schema_version": 0,
          "attributes": {
            "id": "/subscriptions/937c0bd1-f26f-49a4-9db5-d5ded6945cca/resourceGroups/Week_5_terraform",
            "location": "eastus",
            "name": "Week_5_terraform",
            "tags": {},
            "timeouts": null
          },
          "sensitive_attributes": [],
          "private": "eyJlMmJmYjczMC1lY2FhLTExZTYtOGY4OC0zNDM2M2JjN2M0YzAiOnsiY3JlYXRlIjo1NDAwMDAwMDAwMDAwLCJkZWxldGUiOjU0MDAwMDAwMDAwMDAsInJlYWQiOjMwMDAwMDAwMDAwMCwidXBkYXRlIjo1NDAwMDAwMDAwMDAwfX0="
        }
      ]
    },
    {
      "mode": "managed",
      "type": "azurerm_subnet",
      "name": "AzureBastionSubnet",
      "provider": "provider[\"registry.terraform.io/hashicorp/azurerm\"]",
      "instances": [
        {
          "schema_version": 0,
          "attributes": {
            "address_prefix": "10.30.3.0/24",
            "address_prefixes": [
              "10.30.3.0/24"
            ],
            "delegation": [],
            "enforce_private_link_endpoint_network_policies": false,
            "enforce_private_link_service_network_policies": false,
            "id": "/subscriptions/937c0bd1-f26f-49a4-9db5-d5ded6945cca/resourceGroups/Week_5_terraform/providers/Microsoft.Network/virtualNetworks/HighAvailability-Net/subnets/AzureBastionSubnet",
            "name": "AzureBastionSubnet",
            "resource_group_name": "Week_5_terraform",
            "service_endpoint_policy_ids": [],
            "service_endpoints": [],
            "timeouts": null,
            "virtual_network_name": "HighAvailability-Net"
          },
          "sensitive_attributes": [],
          "private": "eyJlMmJmYjczMC1lY2FhLTExZTYtOGY4OC0zNDM2M2JjN2M0YzAiOnsiY3JlYXRlIjoxODAwMDAwMDAwMDAwLCJkZWxldGUiOjE4MDAwMDAwMDAwMDAsInJlYWQiOjMwMDAwMDAwMDAwMCwidXBkYXRlIjoxODAwMDAwMDAwMDAwfX0=",
          "dependencies": [
            "azurerm_resource_group.RG",
            "azurerm_virtual_network.vnet"
          ]
        }
      ]
    },
    {
      "mode": "managed",
      "type": "azurerm_subnet",
      "name": "Data_Tier",
      "provider": "provider[\"registry.terraform.io/hashicorp/azurerm\"]",
      "instances": [
        {
          "schema_version": 0,
          "attributes": {
            "address_prefix": "10.30.2.0/24",
            "address_prefixes": [
              "10.30.2.0/24"
            ],
            "delegation": [],
            "enforce_private_link_endpoint_network_policies": false,
            "enforce_private_link_service_network_policies": false,
            "id": "/subscriptions/937c0bd1-f26f-49a4-9db5-d5ded6945cca/resourceGroups/Week_5_terraform/providers/Microsoft.Network/virtualNetworks/HighAvailability-Net/subnets/Data_Tier",
            "name": "Data_Tier",
            "resource_group_name": "Week_5_terraform",
            "service_endpoint_policy_ids": [],
            "service_endpoints": [],
            "timeouts": null,
            "virtual_network_name": "HighAvailability-Net"
          },
          "sensitive_attributes": [],
          "private": "eyJlMmJmYjczMC1lY2FhLTExZTYtOGY4OC0zNDM2M2JjN2M0YzAiOnsiY3JlYXRlIjoxODAwMDAwMDAwMDAwLCJkZWxldGUiOjE4MDAwMDAwMDAwMDAsInJlYWQiOjMwMDAwMDAwMDAwMCwidXBkYXRlIjoxODAwMDAwMDAwMDAwfX0=",
          "dependencies": [
            "azurerm_resource_group.RG",
            "azurerm_virtual_network.vnet"
          ]
        }
      ]
    },
    {
      "mode": "managed",
      "type": "azurerm_subnet",
      "name": "Web_Tier",
      "provider": "provider[\"registry.terraform.io/hashicorp/azurerm\"]",
      "instances": [
        {
          "schema_version": 0,
          "attributes": {
            "address_prefix": "10.30.1.0/24",
            "address_prefixes": [
              "10.30.1.0/24"
            ],
            "delegation": [],
            "enforce_private_link_endpoint_network_policies": false,
            "enforce_private_link_service_network_policies": false,
            "id": "/subscriptions/937c0bd1-f26f-49a4-9db5-d5ded6945cca/resourceGroups/Week_5_terraform/providers/Microsoft.Network/virtualNetworks/HighAvailability-Net/subnets/Web_Tier",
            "name": "Web_Tier",
            "resource_group_name": "Week_5_terraform",
            "service_endpoint_policy_ids": [],
            "service_endpoints": [],
            "timeouts": null,
            "virtual_network_name": "HighAvailability-Net"
          },
          "sensitive_attributes": [],
          "private": "eyJlMmJmYjczMC1lY2FhLTExZTYtOGY4OC0zNDM2M2JjN2M0YzAiOnsiY3JlYXRlIjoxODAwMDAwMDAwMDAwLCJkZWxldGUiOjE4MDAwMDAwMDAwMDAsInJlYWQiOjMwMDAwMDAwMDAwMCwidXBkYXRlIjoxODAwMDAwMDAwMDAwfX0=",
          "dependencies": [
            "azurerm_resource_group.RG",
            "azurerm_virtual_network.vnet"
          ]
        }
      ]
    },
    {
      "mode": "managed",
      "type": "azurerm_subnet_network_security_group_association",
      "name": "NSG1",
      "provider": "provider[\"registry.terraform.io/hashicorp/azurerm\"]",
      "instances": [
        {
          "schema_version": 0,
          "attributes": {
            "id": "/subscriptions/937c0bd1-f26f-49a4-9db5-d5ded6945cca/resourceGroups/Week_5_terraform/providers/Microsoft.Network/virtualNetworks/HighAvailability-Net/subnets/Web_Tier",
            "network_security_group_id": "/subscriptions/937c0bd1-f26f-49a4-9db5-d5ded6945cca/resourceGroups/Week_5_terraform/providers/Microsoft.Network/networkSecurityGroups/NSG1",
            "subnet_id": "/subscriptions/937c0bd1-f26f-49a4-9db5-d5ded6945cca/resourceGroups/Week_5_terraform/providers/Microsoft.Network/virtualNetworks/HighAvailability-Net/subnets/Web_Tier",
            "timeouts": null
          },
          "sensitive_attributes": [],
          "private": "eyJlMmJmYjczMC1lY2FhLTExZTYtOGY4OC0zNDM2M2JjN2M0YzAiOnsiY3JlYXRlIjoxODAwMDAwMDAwMDAwLCJkZWxldGUiOjE4MDAwMDAwMDAwMDAsInJlYWQiOjMwMDAwMDAwMDAwMCwidXBkYXRlIjoxODAwMDAwMDAwMDAwfX0=",
          "dependencies": [
            "azurerm_network_security_group.NSG1",
            "azurerm_resource_group.RG",
            "azurerm_subnet.Web_Tier",
            "azurerm_virtual_network.vnet"
          ]
        }
      ]
    },
    {
      "mode": "managed",
      "type": "azurerm_subnet_network_security_group_association",
      "name": "NSG2_association",
      "provider": "provider[\"registry.terraform.io/hashicorp/azurerm\"]",
      "instances": [
        {
          "schema_version": 0,
          "attributes": {
            "id": "/subscriptions/937c0bd1-f26f-49a4-9db5-d5ded6945cca/resourceGroups/Week_5_terraform/providers/Microsoft.Network/virtualNetworks/HighAvailability-Net/subnets/Data_Tier",
            "network_security_group_id": "/subscriptions/937c0bd1-f26f-49a4-9db5-d5ded6945cca/resourceGroups/Week_5_terraform/providers/Microsoft.Network/networkSecurityGroups/NSG2",
            "subnet_id": "/subscriptions/937c0bd1-f26f-49a4-9db5-d5ded6945cca/resourceGroups/Week_5_terraform/providers/Microsoft.Network/virtualNetworks/HighAvailability-Net/subnets/Data_Tier",
            "timeouts": null
          },
          "sensitive_attributes": [],
          "private": "eyJlMmJmYjczMC1lY2FhLTExZTYtOGY4OC0zNDM2M2JjN2M0YzAiOnsiY3JlYXRlIjoxODAwMDAwMDAwMDAwLCJkZWxldGUiOjE4MDAwMDAwMDAwMDAsInJlYWQiOjMwMDAwMDAwMDAwMCwidXBkYXRlIjoxODAwMDAwMDAwMDAwfX0=",
          "dependencies": [
            "azurerm_network_security_group.NSG2",
            "azurerm_resource_group.RG",
            "azurerm_subnet.Data_Tier",
            "azurerm_virtual_network.vnet"
          ]
        }
      ]
    },
    {
      "mode": "managed",
      "type": "azurerm_virtual_network",
      "name": "vnet",
      "provider": "provider[\"registry.terraform.io/hashicorp/azurerm\"]",
      "instances": [
        {
          "schema_version": 0,
          "attributes": {
            "address_space": [
              "10.30.0.0/16"
            ],
            "bgp_community": "",
            "ddos_protection_plan": [],
            "dns_servers": [],
            "flow_timeout_in_minutes": 0,
            "guid": "af42ca3a-5730-43db-926c-05e6fe71dda2",
            "id": "/subscriptions/937c0bd1-f26f-49a4-9db5-d5ded6945cca/resourceGroups/Week_5_terraform/providers/Microsoft.Network/virtualNetworks/HighAvailability-Net",
            "location": "eastus",
            "name": "HighAvailability-Net",
            "resource_group_name": "Week_5_terraform",
            "subnet": [
              {
                "address_prefix": "10.30.1.0/24",
                "id": "/subscriptions/937c0bd1-f26f-49a4-9db5-d5ded6945cca/resourceGroups/Week_5_terraform/providers/Microsoft.Network/virtualNetworks/HighAvailability-Net/subnets/Web_Tier",
                "name": "Web_Tier",
                "security_group": "/subscriptions/937c0bd1-f26f-49a4-9db5-d5ded6945cca/resourceGroups/Week_5_terraform/providers/Microsoft.Network/networkSecurityGroups/NSG1"
              },
              {
                "address_prefix": "10.30.2.0/24",
                "id": "/subscriptions/937c0bd1-f26f-49a4-9db5-d5ded6945cca/resourceGroups/Week_5_terraform/providers/Microsoft.Network/virtualNetworks/HighAvailability-Net/subnets/Data_Tier",
                "name": "Data_Tier",
                "security_group": "/subscriptions/937c0bd1-f26f-49a4-9db5-d5ded6945cca/resourceGroups/Week_5_terraform/providers/Microsoft.Network/networkSecurityGroups/NSG2"
              },
              {
                "address_prefix": "10.30.3.0/24",
                "id": "/subscriptions/937c0bd1-f26f-49a4-9db5-d5ded6945cca/resourceGroups/Week_5_terraform/providers/Microsoft.Network/virtualNetworks/HighAvailability-Net/subnets/AzureBastionSubnet",
                "name": "AzureBastionSubnet",
                "security_group": ""
              }
            ],
            "tags": {},
            "timeouts": null,
            "vm_protection_enabled": false
          },
          "sensitive_attributes": [],
          "private": "eyJlMmJmYjczMC1lY2FhLTExZTYtOGY4OC0zNDM2M2JjN2M0YzAiOnsiY3JlYXRlIjoxODAwMDAwMDAwMDAwLCJkZWxldGUiOjE4MDAwMDAwMDAwMDAsInJlYWQiOjMwMDAwMDAwMDAwMCwidXBkYXRlIjoxODAwMDAwMDAwMDAwfX0=",
          "dependencies": [
            "azurerm_resource_group.RG"
          ]
        }
      ]
    }
  ]
}
